// !$*UTF8*$!
{
	archiveVersion = 1;
	classes = {
	};
	objectVersion = 48;
	objects = {

/* Begin PBXBuildFile section */
		BACDB39D20564C4D00CDEA42 /* AppDelegate.swift in Sources */ = {isa = PBXBuildFile; fileRef = BACDB39C20564C4D00CDEA42 /* AppDelegate.swift */; };
		BACDB39F20564C4D00CDEA42 /* ViewController.swift in Sources */ = {isa = PBXBuildFile; fileRef = BACDB39E20564C4D00CDEA42 /* ViewController.swift */; };
		BACDB3A220564C4D00CDEA42 /* Main.storyboard in Resources */ = {isa = PBXBuildFile; fileRef = BACDB3A020564C4D00CDEA42 /* Main.storyboard */; };
		BACDB3A420564C4D00CDEA42 /* Assets.xcassets in Resources */ = {isa = PBXBuildFile; fileRef = BACDB3A320564C4D00CDEA42 /* Assets.xcassets */; };
		BACDB3A720564C4D00CDEA42 /* LaunchScreen.storyboard in Resources */ = {isa = PBXBuildFile; fileRef = BACDB3A520564C4D00CDEA42 /* LaunchScreen.storyboard */; };
/* End PBXBuildFile section */

/* Begin PBXFileReference section */
		BACDB39920564C4D00CDEA42 /* RollaDice.app */ = {isa = PBXFileReference; explicitFileType = wrapper.application; includeInIndex = 0; path = RollaDice.app; sourceTree = BUILT_PRODUCTS_DIR; };
		BACDB39C20564C4D00CDEA42 /* AppDelegate.swift */ = {isa = PBXFileReference; lastKnownFileType = sourcecode.swift; path = AppDelegate.swift; sourceTree = "<group>"; };
		BACDB39E20564C4D00CDEA42 /* ViewController.swift */ = {isa = PBXFileReference; lastKnownFileType = sourcecode.swift; path = ViewController.swift; sourceTree = "<group>"; };
		BACDB3A120564C4D00CDEA42 /* Base */ = {isa = PBXFileReference; lastKnownFileType = file.storyboard; name = Base; path = Base.lproj/Main.storyboard; sourceTree = "<group>"; };
		BACDB3A320564C4D00CDEA42 /* Assets.xcassets */ = {isa = PBXFileReference; lastKnownFileType = folder.assetcatalog; path = Assets.xcassets; sourceTree = "<group>"; };
		BACDB3A620564C4D00CDEA42 /* Base */ = {isa = PBXFileReference; lastKnownFileType = file.storyboard; name = Base; path = Base.lproj/LaunchScreen.storyboard; sourceTree = "<group>"; };
		BACDB3A820564C4D00CDEA42 /* Info.plist */ = {isa = PBXFileReference; lastKnownFileType = text.plist.xml; path = Info.plist; sourceTree = "<group>"; };
/* End PBXFileReference section */

/* Begin PBXFrameworksBuildPhase section */
		BACDB39620564C4D00CDEA42 /* Frameworks */ = {
			isa = PBXFrameworksBuildPhase;
			buildActionMask = 2147483647;
			files = (
			);
			runOnlyForDeploymentPostprocessing = 0;
		};
/* End PBXFrameworksBuildPhase section */

/* Begin PBXGroup section */
		BACDB39020564C4D00CDEA42 = {
			isa = PBXGroup;
			children = (
				BACDB39B20564C4D00CDEA42 /* RollaDice */,
				BACDB39A20564C4D00CDEA42 /* Products */,
			);
			sourceTree = "<group>";
		};
		BACDB39A20564C4D00CDEA42 /* Products */ = {
			isa = PBXGroup;
			children = (
				BACDB39920564C4D00CDEA42 /* RollaDice.app */,
			);
			name = Products;
			sourceTree = "<group>";
		};
		BACDB39B20564C4D00CDEA42 /* RollaDice */ = {
			isa = PBXGroup;
			children = (
				BACDB39C20564C4D00CDEA42 /* AppDelegate.swift */,
				BACDB39E20564C4D00CDEA42 /* ViewController.swift */,
				BACDB3A020564C4D00CDEA42 /* Main.storyboard */,
				BACDB3A320564C4D00CDEA42 /* Assets.xcassets */,
				BACDB3A520564C4D00CDEA42 /* LaunchScreen.storyboard */,
				BACDB3A820564C4D00CDEA42 /* Info.plist */,
			);
			path = RollaDice;
			sourceTree = "<group>";
		};
/* End PBXGroup section */

/* Begin PBXNativeTarget section */
		BACDB39820564C4D00CDEA42 /* RollaDice */ = {
			isa = PBXNativeTarget;
			buildConfigurationList = BACDB3AB20564C4D00CDEA42 /* Build configuration list for PBXNativeTarget "RollaDice" */;
			buildPhases = (
				BACDB39520564C4D00CDEA42 /* Sources */,
				BACDB39620564C4D00CDEA42 /* Frameworks */,
				BACDB39720564C4D00CDEA42 /* Resources */,
			);
			buildRules = (
			);
			dependencies = (
			);
			name = RollaDice;
			productName = RollaDice;
			productReference = BACDB39920564C4D00CDEA42 /* RollaDice.app */;
			productType = "com.apple.product-type.application";
		};
/* End PBXNativeTarget section */

/* Begin PBXProject section */
		BACDB39120564C4D00CDEA42 /* Project object */ = {
			isa = PBXProject;
			attributes = {
				LastSwiftUpdateCheck = 0920;
				LastUpgradeCheck = 0920;
				ORGANIZATIONNAME = "Akshay Gore";
				TargetAttributes = {
					BACDB39820564C4D00CDEA42 = {
						CreatedOnToolsVersion = 9.2;
						ProvisioningStyle = Automatic;
					};
				};
			};
			buildConfigurationList = BACDB39420564C4D00CDEA42 /* Build configuration list for PBXProject "RollaDice" */;
			compatibilityVersion = "Xcode 8.0";
			developmentRegion = en;
			hasScannedForEncodings = 0;
			knownRegions = (
				en,
				Base,
			);
			mainGroup = BACDB39020564C4D00CDEA42;
			productRefGroup = BACDB39A20564C4D00CDEA42 /* Products */;
			projectDirPath = "";
			projectRoot = "";
			targets = (
				BACDB39820564C4D00CDEA42 /* RollaDice */,
			);
		};
/* End PBXProject section */

/* Begin PBXResourcesBuildPhase section */
		BACDB39720564C4D00CDEA42 /* Resources */ = {
			isa = PBXResourcesBuildPhase;
			buildActionMask = 2147483647;
			files = (
				BACDB3A720564C4D00CDEA42 /* LaunchScreen.storyboard in Resources */,
				BACDB3A420564C4D00CDEA42 /* Assets.xcassets in Resources */,
				BACDB3A220564C4D00CDEA42 /* Main.storyboard in Resources */,
			);
			runOnlyForDeploymentPostprocessing = 0;
		};
/* End PBXResourcesBuildPhase section */

/* Begin PBXSourcesBuildPhase section */
		BACDB39520564C4D00CDEA42 /* Sources */ = {
			isa = PBXSourcesBuildPhase;
			buildActionMask = 2147483647;
			files = (
				BACDB39F20564C4D00CDEA42 /* ViewController.swift in Sources */,
				BACDB39D20564C4D00CDEA42 /* AppDelegate.swift in Sources */,
			);
			runOnlyForDeploymentPostprocessing = 0;
		};
/* End PBXSourcesBuildPhase section */

/* Begin PBXVariantGroup section */
		BACDB3A020564C4D00CDEA42 /* Main.storyboard */ = {
			isa = PBXVariantGroup;
			children = (
				BACDB3A120564C4D00CDEA42 /* Base */,
			);
			name = Main.storyboard;
			sourceTree = "<group>";
		};
		BACDB3A520564C4D00CDEA42 /* LaunchScreen.storyboard */ = {
			isa = PBXVariantGroup;
			children = (
				BACDB3A620564C4D00CDEA42 /* Base */,
			);
			name = LaunchScreen.storyboard;
			sourceTree = "<group>";
		};
/* End PBXVariantGroup section */

/* Begin XCBuildConfiguration section */
		BACDB3A920564C4D00CDEA42 /* Debug */ = {
			isa = XCBuildConfiguration;
			buildSettings = {
				ALWAYS_SEARCH_USER_PATHS = NO;
				CLANG_ANALYZER_NONNULL = YES;
				CLANG_ANALYZER_NUMBER_OBJECT_CONVERSION = YES_AGGRESSIVE;
				CLANG_CXX_LANGUAGE_STANDARD = "gnu++14";
				CLANG_CXX_LIBRARY = "libc++";
				CLANG_ENABLE_MODULES = YES;
				CLANG_ENABLE_OBJC_ARC = YES;
				CLANG_WARN_BLOCK_CAPTURE_AUTORELEASING = YES;
				CLANG_WARN_BOOL_CONVERSION = YES;
				CLANG_WARN_COMMA = YES;
				CLANG_WARN_CONSTANT_CONVERSION = YES;
				CLANG_WARN_DIRECT_OBJC_ISA_USAGE = YES_ERROR;
				CLANG_WARN_DOCUMENTATION_COMMENTS = YES;
				CLANG_WARN_EMPTY_BODY = YES;
				CLANG_WARN_ENUM_CONVERSION = YES;
				CLANG_WARN_INFINITE_RECURSION = YES;
				CLANG_WARN_INT_CONVERSION = YES;
				CLANG_WARN_NON_LITERAL_NULL_CONVERSION = YES;
				CLANG_WARN_OBJC_LITERAL_CONVERSION = YES;
				CLANG_WARN_OBJC_ROOT_CLASS = YES_ERROR;
				CLANG_WARN_RANGE_LOOP_ANALYSIS = YES;
				CLANG_WARN_STRICT_PROTOTYPES = YES;
				CLANG_WARN_SUSPICIOUS_MOVE = YES;
				CLANG_WARN_UNGUARDED_AVAILABILITY = YES_AGGRESSIVE;
				CLANG_WARN_UNREACHABLE_CODE = YES;
				CLANG_WARN__DUPLICATE_METHOD_MATCH = YES;
				CODE_SIGN_IDENTITY = "iPhone Developer";
				COPY_PHASE_STRIP = NO;
				DEBUG_INFORMATION_FORMAT = dwarf;
				ENABLE_STRICT_OBJC_MSGSEND = YES;
				ENABLE_TESTABILITY = YES;
				GCC_C_LANGUAGE_STANDARD = gnu11;
				GCC_DYNAMIC_NO_PIC = NO;
				GCC_NO_COMMON_BLOCKS = YES;
				GCC_OPTIMIZATION_LEVEL = 0;
				GCC_PREPROCESSOR_DEFINITIONS = (
					"DEBUG=1",
					"$(inherited)",
				);
				GCC_WARN_64_TO_32_BIT_CONVERSION = YES;
				GCC_WARN_ABOUT_RETURN_TYPE = YES_ERROR;
				GCC_WARN_UNDECLARED_SELECTOR = YES;
				GCC_WARN_UNINITIALIZED_AUTOS = YES_AGGRESSIVE;
				GCC_WARN_UNUSED_FUNCTION = YES;
				GCC_WARN_UNUSED_VARIABLE = YES;
				IPHONEOS_DEPLOYMENT_TARGET = 11.2;
				MTL_ENABLE_DEBUG_INFO = YES;
				ONLY_ACTIVE_ARCH = YES;
				SDKROOT = iphoneos;
				SWIFT_ACTIVE_COMPILATION_CONDITIONS = DEBUG;
				SWIFT_OPTIMIZATION_LEVEL = "-Onone";
			};
			name = Debug;
		};
		BACDB3AA20564C4D00CDEA42 /* Release */ = {
			isa = XCBuildConfiguration;
			buildSettings = {
				ALWAYS_SEARCH_USER_PATHS = NO;
				CLANG_ANALYZER_NONNULL = YES;
				CLANG_ANALYZER_NUMBER_OBJECT_CONVERSION = YES_AGGRESSIVE;
				CLANG_CXX_LANGUAGE_STANDARD = "gnu++14";
				CLANG_CXX_LIBRARY = "libc++";
				CLANG_ENABLE_MODULES = YES;
				CLANG_ENABLE_OBJC_ARC = YES;
				CLANG_WARN_BLOCK_CAPTURE_AUTORELEASING = YES;
				CLANG_WARN_BOOL_CONVERSION = YES;
				CLANG_WARN_COMMA = YES;
				CLANG_WARN_CONSTANT_CONVERSION = YES;
				CLANG_WARN_DIRECT_OBJC_ISA_USAGE = YES_ERROR;
				CLANG_WARN_DOCUMENTATION_COMMENTS = YES;
				CLANG_WARN_EMPTY_BODY = YES;
				CLANG_WARN_ENUM_CONVERSION = YES;
				CLANG_WARN_INFINITE_RECURSION = YES;
				CLANG_WARN_INT_CONVERSION = YES;
				CLANG_WARN_NON_LITERAL_NULL_CONVERSION = YES;
				CLANG_WARN_OBJC_LITERAL_CONVERSION = YES;
				CLANG_WARN_OBJC_ROOT_CLASS = YES_ERROR;
				CLANG_WARN_RANGE_LOOP_ANALYSIS = YES;
				CLANG_WARN_STRICT_PROTOTYPES = YES;
				CLANG_WARN_SUSPICIOUS_MOVE = YES;
				CLANG_WARN_UNGUARDED_AVAILABILITY = YES_AGGRESSIVE;
				CLANG_WARN_UNREACHABLE_CODE = YES;
				CLANG_WARN__DUPLICATE_METHOD_MATCH = YES;
				CODE_SIGN_IDENTITY = "iPhone Developer";
				COPY_PHASE_STRIP = NO;
				DEBUG_INFORMATION_FORMAT = "dwarf-with-dsym";
				ENABLE_NS_ASSERTIONS = NO;
				ENABLE_STRICT_OBJC_MSGSEND = YES;
				GCC_C_LANGUAGE_STANDARD = gnu11;
				GCC_NO_COMMON_BLOCKS = YES;
				GCC_WARN_64_TO_32_BIT_CONVERSION = YES;
				GCC_WARN_ABOUT_RETURN_TYPE = YES_ERROR;
				GCC_WARN_UNDECLARED_SELECTOR = YES;
				GCC_WARN_UNINITIALIZED_AUTOS = YES_AGGRESSIVE;
				GCC_WARN_UNUSED_FUNCTION = YES;
				GCC_WARN_UNUSED_VARIABLE = YES;
				IPHONEOS_DEPLOYMENT_TARGET = 11.2;
				MTL_ENABLE_DEBUG_INFO = NO;
				SDKROOT = iphoneos;
				SWIFT_OPTIMIZATION_LEVEL = "-Owholemodule";
				VALIDATE_PRODUCT = YES;
			};
			name = Release;
		};
		BACDB3AC20564C4D00CDEA42 /* Debug */ = {
			isa = XCBuildConfiguration;
			buildSettings = {
				ASSETCATALOG_COMPILER_APPICON_NAME = AppIcon;
				CODE_SIGN_STYLE = Automatic;
				DEVELOPMENT_TEAM = 3C5QZLXR7L;
				INFOPLIST_FILE = RollaDice/Info.plist;
				LD_RUNPATH_SEARCH_PATHS = "$(inherited) @executable_path/Frameworks";
				PRODUCT_BUNDLE_IDENTIFIER = com.goreakshay.RollaDice;
				PRODUCT_NAME = "$(TARGET_NAME)";
				SWIFT_VERSION = 4.0;
				TARGETED_DEVICE_FAMILY = "1,2";
			};
			name = Debug;
		};
		BACDB3AD20564C4D00CDEA42 /* Release */ = {
			isa = XCBuildConfiguration;
			buildSettings = {
				ASSETCATALOG_COMPILER_APPICON_NAME = AppIcon;
				CODE_SIGN_STYLE = Automatic;
				DEVELOPMENT_TEAM = 3C5QZLXR7L;
				INFOPLIST_FILE = RollaDice/Info.plist;
				LD_RUNPATH_SEARCH_PATHS = "$(inherited) @executable_path/Frameworks";
				PRODUCT_BUNDLE_IDENTIFIER = com.goreakshay.RollaDice;
				PRODUCT_NAME = "$(TARGET_NAME)";
				SWIFT_VERSION = 4.0;
				TARGETED_DEVICE_FAMILY = "1,2";
			};
			name = Release;
		};
/* End XCBuildConfiguration section */

/* Begin XCConfigurationList section */
		BACDB39420564C4D00CDEA42 /* Build configuration list for PBXProject "RollaDice" */ = {
			isa = XCConfigurationList;
			buildConfigurations = (
				BACDB3A920564C4D00CDEA42 /* Debug */,
				BACDB3AA20564C4D00CDEA42 /* Release */,
			);
			defaultConfigurationIsVisible = 0;
			defaultConfigurationName = Release;
		};
		BACDB3AB20564C4D00CDEA42 /* Build configuration list for PBXNativeTarget "RollaDice" */ = {
			isa = XCConfigurationList;
			buildConfigurations = (
				BACDB3AC20564C4D00CDEA42 /* Debug */,
				BACDB3AD20564C4D00CDEA42 /* Release */,
			);
			defaultConfigurationIsVisible = 0;
			defaultConfigurationName = Release;
		};
/* End XCConfigurationList section */
	};
	rootObject = BACDB39120564C4D00CDEA42 /* Project object */;
}
